
Microsoft Visual Studio Solution File, Format Version 12.00
# Visual Studio Version 16
VisualStudioVersion = 16.0.30907.101
MinimumVisualStudioVersion = 10.0.40219.1
Project("{9A19103F-16F7-4668-BE54-9A1E7A4F7556}") = "LogServer.App", "LogServer\LogServer.App.csproj", "{809B18E8-2026-4754-A5E6-4B7588B6C030}"
EndProject
Project("{FAE04EC0-301F-11D3-BF4B-00C04F79EFBC}") = "LogServer.Infrastructure", "LogServer.Infrastructure\LogServer.Infrastructure.csproj", "{FDF7AB2F-2EBC-4A1D-8CE1-CAB9112E734C}"
EndProject
Global
	GlobalSection(SolutionConfigurationPlatforms) = preSolution
		Debug|Any CPU = Debug|Any CPU
		Release|Any CPU = Release|Any CPU
	EndGlobalSection
	GlobalSection(ProjectConfigurationPlatforms) = postSolution
		{809B18E8-2026-4754-A5E6-4B7588B6C030}.Debug|Any CPU.ActiveCfg = Debug|Any CPU
		{809B18E8-2026-4754-A5E6-4B7588B6C030}.Debug|Any CPU.Build.0 = Debug|Any CPU
		{809B18E8-2026-4754-A5E6-4B7588B6C030}.Release|Any CPU.ActiveCfg = Release|Any CPU
		{809B18E8-2026-4754-A5E6-4B7588B6C030}.Release|Any CPU.Build.0 = Release|Any CPU
		{FDF7AB2F-2EBC-4A1D-8CE1-CAB9112E734C}.Debug|Any CPU.ActiveCfg = Debug|Any CPU
		{FDF7AB2F-2EBC-4A1D-8CE1-CAB9112E734C}.Debug|Any CPU.Build.0 = Debug|Any CPU
		{FDF7AB2F-2EBC-4A1D-8CE1-CAB9112E734C}.Release|Any CPU.ActiveCfg = Release|Any CPU
		{FDF7AB2F-2EBC-4A1D-8CE1-CAB9112E734C}.Release|Any CPU.Build.0 = Release|Any CPU
	EndGlobalSection
	GlobalSection(SolutionProperties) = preSolution
		HideSolutionNode = FALSE
	EndGlobalSection
	GlobalSection(ExtensibilityGlobals) = postSolution
		SolutionGuid = {19003AC8-8844-4972-B225-7B7D24C09F90}
	EndGlobalSection
EndGlobal
